
Microsoft Visual Studio Solution File, Format Version 12.00
# Visual Studio Version 17
VisualStudioVersion = 17.8.34330.188
MinimumVisualStudioVersion = 10.0.40219.1
Project("{2150E333-8FDC-42A3-9474-1A3956D46DE8}") = "DailyPlannerApi", "DailyPlannerApi", "{1EA5DB20-E441-4EB2-A194-8FCCC0682D82}"
EndProject
Project("{2150E333-8FDC-42A3-9474-1A3956D46DE8}") = "src", "src", "{EDF7C9DF-A09D-4321-B1AA-AE9A59E8943C}"
EndProject
Project("{FAE04EC0-301F-11D3-BF4B-00C04F79EFBC}") = "DailyPlanner.Domain", "DailyPlannerApi\src\DailyPlanner.Domain\DailyPlanner.Domain.csproj", "{311FECE4-57C2-46B4-868F-652DDDA30746}"
EndProject
Project("{FAE04EC0-301F-11D3-BF4B-00C04F79EFBC}") = "DailyPlanner.Infrastructure", "DailyPlannerApi\src\DailyPlanner.Infrastructure\DailyPlanner.Infrastructure.csproj", "{76A52613-02B4-4027-AE67-85E471275F52}"
EndProject
Global
	GlobalSection(SolutionConfigurationPlatforms) = preSolution
		Debug|Any CPU = Debug|Any CPU
		Release|Any CPU = Release|Any CPU
	EndGlobalSection
	GlobalSection(ProjectConfigurationPlatforms) = postSolution
		{311FECE4-57C2-46B4-868F-652DDDA30746}.Debug|Any CPU.ActiveCfg = Debug|Any CPU
		{311FECE4-57C2-46B4-868F-652DDDA30746}.Debug|Any CPU.Build.0 = Debug|Any CPU
		{311FECE4-57C2-46B4-868F-652DDDA30746}.Release|Any CPU.ActiveCfg = Release|Any CPU
		{311FECE4-57C2-46B4-868F-652DDDA30746}.Release|Any CPU.Build.0 = Release|Any CPU
		{76A52613-02B4-4027-AE67-85E471275F52}.Debug|Any CPU.ActiveCfg = Debug|Any CPU
		{76A52613-02B4-4027-AE67-85E471275F52}.Debug|Any CPU.Build.0 = Debug|Any CPU
		{76A52613-02B4-4027-AE67-85E471275F52}.Release|Any CPU.ActiveCfg = Release|Any CPU
		{76A52613-02B4-4027-AE67-85E471275F52}.Release|Any CPU.Build.0 = Release|Any CPU
	EndGlobalSection
	GlobalSection(SolutionProperties) = preSolution
		HideSolutionNode = FALSE
	EndGlobalSection
	GlobalSection(NestedProjects) = preSolution
		{EDF7C9DF-A09D-4321-B1AA-AE9A59E8943C} = {1EA5DB20-E441-4EB2-A194-8FCCC0682D82}
		{311FECE4-57C2-46B4-868F-652DDDA30746} = {EDF7C9DF-A09D-4321-B1AA-AE9A59E8943C}
		{76A52613-02B4-4027-AE67-85E471275F52} = {EDF7C9DF-A09D-4321-B1AA-AE9A59E8943C}
	EndGlobalSection
	GlobalSection(ExtensibilityGlobals) = postSolution
		SolutionGuid = {77FF7A9A-5AB5-407E-A09C-DE26B20D2F7B}
	EndGlobalSection
EndGlobal
